
Microsoft Visual Studio Solution File, Format Version 12.00
# Visual Studio Version 17
VisualStudioVersion = 17.10.35013.160
MinimumVisualStudioVersion = 10.0.40219.1
Project("{FAE04EC0-301F-11D3-BF4B-00C04F79EFBC}") = "Egysegteszt_ZahonyiBenjamin", "Egysegteszt_ZahonyiBenjamin\Egysegteszt_ZahonyiBenjamin.csproj", "{EB3C2AEB-3627-4E43-8731-41E1BF7F2FE4}"
EndProject
Project("{FAE04EC0-301F-11D3-BF4B-00C04F79EFBC}") = "Egysegteszt_ZahonyiBenjamin_Tesztek", "Egysegteszt_ZahonyiBenjamin_Tesztek\Egysegteszt_ZahonyiBenjamin_Tesztek.csproj", "{0F101758-2E62-4AFC-AEAC-D0C61AC33C3D}"
EndProject
Global
	GlobalSection(SolutionConfigurationPlatforms) = preSolution
		Debug|Any CPU = Debug|Any CPU
		Release|Any CPU = Release|Any CPU
	EndGlobalSection
	GlobalSection(ProjectConfigurationPlatforms) = postSolution
		{EB3C2AEB-3627-4E43-8731-41E1BF7F2FE4}.Debug|Any CPU.ActiveCfg = Debug|Any CPU
		{EB3C2AEB-3627-4E43-8731-41E1BF7F2FE4}.Debug|Any CPU.Build.0 = Debug|Any CPU
		{EB3C2AEB-3627-4E43-8731-41E1BF7F2FE4}.Release|Any CPU.ActiveCfg = Release|Any CPU
		{EB3C2AEB-3627-4E43-8731-41E1BF7F2FE4}.Release|Any CPU.Build.0 = Release|Any CPU
		{0F101758-2E62-4AFC-AEAC-D0C61AC33C3D}.Debug|Any CPU.ActiveCfg = Debug|Any CPU
		{0F101758-2E62-4AFC-AEAC-D0C61AC33C3D}.Debug|Any CPU.Build.0 = Debug|Any CPU
		{0F101758-2E62-4AFC-AEAC-D0C61AC33C3D}.Release|Any CPU.ActiveCfg = Release|Any CPU
		{0F101758-2E62-4AFC-AEAC-D0C61AC33C3D}.Release|Any CPU.Build.0 = Release|Any CPU
	EndGlobalSection
	GlobalSection(SolutionProperties) = preSolution
		HideSolutionNode = FALSE
	EndGlobalSection
	GlobalSection(ExtensibilityGlobals) = postSolution
		SolutionGuid = {BDF6791D-662F-41D6-A9C4-DB62CE3A0C99}
	EndGlobalSection
EndGlobal
